
Microsoft Visual Studio Solution File, Format Version 12.00
Project("{FAE04EC0-301F-11D3-BF4B-00C04F79EFBC}") = "MATQuestion", "MATQuestion\MATQuestion.csproj", "{BD6EDDC8-3AE6-4507-891C-3A0F4EA4B196}"
EndProject
Project("{FAE04EC0-301F-11D3-BF4B-00C04F79EFBC}") = "Tests", "Tests\Tests.csproj", "{4FADB6FA-6EB8-4C41-AABD-85CC254128C7}"
EndProject
Global
	GlobalSection(SolutionConfigurationPlatforms) = preSolution
		Debug|Any CPU = Debug|Any CPU
		Release|Any CPU = Release|Any CPU
	EndGlobalSection
	GlobalSection(ProjectConfigurationPlatforms) = postSolution
		{BD6EDDC8-3AE6-4507-891C-3A0F4EA4B196}.Debug|Any CPU.ActiveCfg = Debug|Any CPU
		{BD6EDDC8-3AE6-4507-891C-3A0F4EA4B196}.Debug|Any CPU.Build.0 = Debug|Any CPU
		{BD6EDDC8-3AE6-4507-891C-3A0F4EA4B196}.Release|Any CPU.ActiveCfg = Release|Any CPU
		{BD6EDDC8-3AE6-4507-891C-3A0F4EA4B196}.Release|Any CPU.Build.0 = Release|Any CPU
		{4FADB6FA-6EB8-4C41-AABD-85CC254128C7}.Debug|Any CPU.ActiveCfg = Debug|Any CPU
		{4FADB6FA-6EB8-4C41-AABD-85CC254128C7}.Debug|Any CPU.Build.0 = Debug|Any CPU
		{4FADB6FA-6EB8-4C41-AABD-85CC254128C7}.Release|Any CPU.ActiveCfg = Release|Any CPU
		{4FADB6FA-6EB8-4C41-AABD-85CC254128C7}.Release|Any CPU.Build.0 = Release|Any CPU
	EndGlobalSection
EndGlobal
